
Microsoft Visual Studio Solution File, Format Version 12.00
# Visual Studio 2012
Project("{888888A0-9F3D-457C-B088-3A5042F75D52}") = "FullWaveformPython", "FullWaveformPython\FullWaveformPython.pyproj", "{CDB2E97E-2E11-4DAE-B921-8B141E515647}"
EndProject
Global
	GlobalSection(SolutionConfigurationPlatforms) = preSolution
		Debug|Any CPU = Debug|Any CPU
		Release|Any CPU = Release|Any CPU
	EndGlobalSection
	GlobalSection(ProjectConfigurationPlatforms) = postSolution
		{CDB2E97E-2E11-4DAE-B921-8B141E515647}.Debug|Any CPU.ActiveCfg = Debug|Any CPU
		{CDB2E97E-2E11-4DAE-B921-8B141E515647}.Release|Any CPU.ActiveCfg = Release|Any CPU
	EndGlobalSection
	GlobalSection(SolutionProperties) = preSolution
		HideSolutionNode = FALSE
	EndGlobalSection
EndGlobal
